
Microsoft Visual Studio Solution File, Format Version 12.00
# Visual Studio Version 16
VisualStudioVersion = 16.0.31105.61
MinimumVisualStudioVersion = 10.0.40219.1
Project("{FAE04EC0-301F-11D3-BF4B-00C04F79EFBC}") = "HomeWorForDevEducation5", "HomeWorForDevEducation5\HomeWorForDevEducation5.csproj", "{34EA6FBE-7E5B-42B6-B375-DAC7993800EB}"
EndProject
Global
	GlobalSection(SolutionConfigurationPlatforms) = preSolution
		Debug|Any CPU = Debug|Any CPU
		Release|Any CPU = Release|Any CPU
	EndGlobalSection
	GlobalSection(ProjectConfigurationPlatforms) = postSolution
		{34EA6FBE-7E5B-42B6-B375-DAC7993800EB}.Debug|Any CPU.ActiveCfg = Debug|Any CPU
		{34EA6FBE-7E5B-42B6-B375-DAC7993800EB}.Debug|Any CPU.Build.0 = Debug|Any CPU
		{34EA6FBE-7E5B-42B6-B375-DAC7993800EB}.Release|Any CPU.ActiveCfg = Release|Any CPU
		{34EA6FBE-7E5B-42B6-B375-DAC7993800EB}.Release|Any CPU.Build.0 = Release|Any CPU
	EndGlobalSection
	GlobalSection(SolutionProperties) = preSolution
		HideSolutionNode = FALSE
	EndGlobalSection
	GlobalSection(ExtensibilityGlobals) = postSolution
		SolutionGuid = {62059164-DCC7-424A-9483-B0503615F1E4}
	EndGlobalSection
EndGlobal
