
Microsoft Visual Studio Solution File, Format Version 12.00
# Visual Studio Version 16
VisualStudioVersion = 16.0.31105.61
MinimumVisualStudioVersion = 10.0.40219.1
Project("{FAE04EC0-301F-11D3-BF4B-00C04F79EFBC}") = "Switch(Task robot)", "Switch(Task robot)\Switch(Task robot).csproj", "{1D04FDCA-D171-425C-BB2F-DB3160C363CC}"
EndProject
Global
	GlobalSection(SolutionConfigurationPlatforms) = preSolution
		Debug|Any CPU = Debug|Any CPU
		Release|Any CPU = Release|Any CPU
	EndGlobalSection
	GlobalSection(ProjectConfigurationPlatforms) = postSolution
		{1D04FDCA-D171-425C-BB2F-DB3160C363CC}.Debug|Any CPU.ActiveCfg = Debug|Any CPU
		{1D04FDCA-D171-425C-BB2F-DB3160C363CC}.Debug|Any CPU.Build.0 = Debug|Any CPU
		{1D04FDCA-D171-425C-BB2F-DB3160C363CC}.Release|Any CPU.ActiveCfg = Release|Any CPU
		{1D04FDCA-D171-425C-BB2F-DB3160C363CC}.Release|Any CPU.Build.0 = Release|Any CPU
	EndGlobalSection
	GlobalSection(SolutionProperties) = preSolution
		HideSolutionNode = FALSE
	EndGlobalSection
	GlobalSection(ExtensibilityGlobals) = postSolution
		SolutionGuid = {C535C1E4-1BB3-4A4D-B8FD-54D6AE76C5D8}
	EndGlobalSection
EndGlobal
