
Microsoft Visual Studio Solution File, Format Version 12.00
# Visual Studio Version 16
VisualStudioVersion = 16.0.31105.61
MinimumVisualStudioVersion = 10.0.40219.1
Project("{FAE04EC0-301F-11D3-BF4B-00C04F79EFBC}") = "HomeWorkForDevEducation2", "HomeWorkForDevEducation2\HomeWorkForDevEducation2.csproj", "{6B568C37-005B-4ED8-A38F-6629853F0DF2}"
EndProject
Global
	GlobalSection(SolutionConfigurationPlatforms) = preSolution
		Debug|Any CPU = Debug|Any CPU
		Release|Any CPU = Release|Any CPU
	EndGlobalSection
	GlobalSection(ProjectConfigurationPlatforms) = postSolution
		{6B568C37-005B-4ED8-A38F-6629853F0DF2}.Debug|Any CPU.ActiveCfg = Debug|Any CPU
		{6B568C37-005B-4ED8-A38F-6629853F0DF2}.Debug|Any CPU.Build.0 = Debug|Any CPU
		{6B568C37-005B-4ED8-A38F-6629853F0DF2}.Release|Any CPU.ActiveCfg = Release|Any CPU
		{6B568C37-005B-4ED8-A38F-6629853F0DF2}.Release|Any CPU.Build.0 = Release|Any CPU
	EndGlobalSection
	GlobalSection(SolutionProperties) = preSolution
		HideSolutionNode = FALSE
	EndGlobalSection
	GlobalSection(ExtensibilityGlobals) = postSolution
		SolutionGuid = {D369C180-4452-46BE-8895-A08E6B70B50C}
	EndGlobalSection
EndGlobal
