
Microsoft Visual Studio Solution File, Format Version 12.00
Project("{FAE04EC0-301F-11D3-BF4B-00C04F79EFBC}") = "HomeWork10_University", "HomeWork10_University\HomeWork10_University.csproj", "{68682D13-2F09-4DA6-8AA0-B99747018ADF}"
EndProject
Global
	GlobalSection(SolutionConfigurationPlatforms) = preSolution
		Debug|Any CPU = Debug|Any CPU
		Release|Any CPU = Release|Any CPU
	EndGlobalSection
	GlobalSection(ProjectConfigurationPlatforms) = postSolution
		{68682D13-2F09-4DA6-8AA0-B99747018ADF}.Debug|Any CPU.ActiveCfg = Debug|Any CPU
		{68682D13-2F09-4DA6-8AA0-B99747018ADF}.Debug|Any CPU.Build.0 = Debug|Any CPU
		{68682D13-2F09-4DA6-8AA0-B99747018ADF}.Release|Any CPU.ActiveCfg = Release|Any CPU
		{68682D13-2F09-4DA6-8AA0-B99747018ADF}.Release|Any CPU.Build.0 = Release|Any CPU
	EndGlobalSection
EndGlobal
