
Microsoft Visual Studio Solution File, Format Version 12.00
# Visual Studio Version 16
VisualStudioVersion = 16.0.31025.194
MinimumVisualStudioVersion = 10.0.40219.1
Project("{FAE04EC0-301F-11D3-BF4B-00C04F79EFBC}") = "cnock_cnock", "cnock_cnock\cnock_cnock.csproj", "{5FCD297D-42B6-4E8D-9F4C-8B3A8B61BC07}"
EndProject
Global
	GlobalSection(SolutionConfigurationPlatforms) = preSolution
		Debug|Any CPU = Debug|Any CPU
		Release|Any CPU = Release|Any CPU
	EndGlobalSection
	GlobalSection(ProjectConfigurationPlatforms) = postSolution
		{5FCD297D-42B6-4E8D-9F4C-8B3A8B61BC07}.Debug|Any CPU.ActiveCfg = Debug|Any CPU
		{5FCD297D-42B6-4E8D-9F4C-8B3A8B61BC07}.Debug|Any CPU.Build.0 = Debug|Any CPU
		{5FCD297D-42B6-4E8D-9F4C-8B3A8B61BC07}.Release|Any CPU.ActiveCfg = Release|Any CPU
		{5FCD297D-42B6-4E8D-9F4C-8B3A8B61BC07}.Release|Any CPU.Build.0 = Release|Any CPU
	EndGlobalSection
	GlobalSection(SolutionProperties) = preSolution
		HideSolutionNode = FALSE
	EndGlobalSection
	GlobalSection(ExtensibilityGlobals) = postSolution
		SolutionGuid = {A06B64A7-6428-4BD1-815D-C4905522C6C3}
	EndGlobalSection
EndGlobal
