
Microsoft Visual Studio Solution File, Format Version 12.00
# Visual Studio Version 16
VisualStudioVersion = 16.0.31105.61
MinimumVisualStudioVersion = 10.0.40219.1
Project("{FAE04EC0-301F-11D3-BF4B-00C04F79EFBC}") = "HomeWorkFromDevEducation4", "HomeWorkFromDevEducation4\HomeWorkFromDevEducation4.csproj", "{43550723-24F6-44AA-BA3B-28489378DBC4}"
EndProject
Global
	GlobalSection(SolutionConfigurationPlatforms) = preSolution
		Debug|Any CPU = Debug|Any CPU
		Release|Any CPU = Release|Any CPU
	EndGlobalSection
	GlobalSection(ProjectConfigurationPlatforms) = postSolution
		{43550723-24F6-44AA-BA3B-28489378DBC4}.Debug|Any CPU.ActiveCfg = Debug|Any CPU
		{43550723-24F6-44AA-BA3B-28489378DBC4}.Debug|Any CPU.Build.0 = Debug|Any CPU
		{43550723-24F6-44AA-BA3B-28489378DBC4}.Release|Any CPU.ActiveCfg = Release|Any CPU
		{43550723-24F6-44AA-BA3B-28489378DBC4}.Release|Any CPU.Build.0 = Release|Any CPU
	EndGlobalSection
	GlobalSection(SolutionProperties) = preSolution
		HideSolutionNode = FALSE
	EndGlobalSection
	GlobalSection(ExtensibilityGlobals) = postSolution
		SolutionGuid = {05B45DEF-3154-4A58-A479-626358EDE726}
	EndGlobalSection
EndGlobal
