
Microsoft Visual Studio Solution File, Format Version 12.00
# Visual Studio Version 16
VisualStudioVersion = 16.0.31105.61
MinimumVisualStudioVersion = 10.0.40219.1
Project("{FAE04EC0-301F-11D3-BF4B-00C04F79EFBC}") = "ClassWork4", "ClassWork4\ClassWork4.csproj", "{6576E2FE-1B1C-4F55-8E7D-D82D4A8B16BA}"
EndProject
Global
	GlobalSection(SolutionConfigurationPlatforms) = preSolution
		Debug|Any CPU = Debug|Any CPU
		Release|Any CPU = Release|Any CPU
	EndGlobalSection
	GlobalSection(ProjectConfigurationPlatforms) = postSolution
		{6576E2FE-1B1C-4F55-8E7D-D82D4A8B16BA}.Debug|Any CPU.ActiveCfg = Debug|Any CPU
		{6576E2FE-1B1C-4F55-8E7D-D82D4A8B16BA}.Debug|Any CPU.Build.0 = Debug|Any CPU
		{6576E2FE-1B1C-4F55-8E7D-D82D4A8B16BA}.Release|Any CPU.ActiveCfg = Release|Any CPU
		{6576E2FE-1B1C-4F55-8E7D-D82D4A8B16BA}.Release|Any CPU.Build.0 = Release|Any CPU
	EndGlobalSection
	GlobalSection(SolutionProperties) = preSolution
		HideSolutionNode = FALSE
	EndGlobalSection
	GlobalSection(ExtensibilityGlobals) = postSolution
		SolutionGuid = {C57E4AED-A057-4ADF-A744-81258EBC0981}
	EndGlobalSection
EndGlobal
