
Microsoft Visual Studio Solution File, Format Version 12.00
# Visual Studio Version 16
VisualStudioVersion = 16.0.31205.134
MinimumVisualStudioVersion = 10.0.40219.1
Project("{FAE04EC0-301F-11D3-BF4B-00C04F79EFBC}") = "ClassWork17", "ClassWork17\ClassWork17.csproj", "{F67E3185-958F-4570-A870-803344EFE367}"
EndProject
Global
	GlobalSection(SolutionConfigurationPlatforms) = preSolution
		Debug|Any CPU = Debug|Any CPU
		Release|Any CPU = Release|Any CPU
	EndGlobalSection
	GlobalSection(ProjectConfigurationPlatforms) = postSolution
		{F67E3185-958F-4570-A870-803344EFE367}.Debug|Any CPU.ActiveCfg = Debug|Any CPU
		{F67E3185-958F-4570-A870-803344EFE367}.Debug|Any CPU.Build.0 = Debug|Any CPU
		{F67E3185-958F-4570-A870-803344EFE367}.Release|Any CPU.ActiveCfg = Release|Any CPU
		{F67E3185-958F-4570-A870-803344EFE367}.Release|Any CPU.Build.0 = Release|Any CPU
	EndGlobalSection
	GlobalSection(SolutionProperties) = preSolution
		HideSolutionNode = FALSE
	EndGlobalSection
	GlobalSection(ExtensibilityGlobals) = postSolution
		SolutionGuid = {BAA72899-C99F-44D4-B496-8FA9DD4DDC6C}
	EndGlobalSection
EndGlobal
